<?xml version="1.0" encoding="utf-8"?>
<Project ToolsVersion="4.0" xmlns="http://schemas.microsoft.com/developer/msbuild/2003">
  <ItemGroup>
    <Filter Include="D3D11Utility">
      <UniqueIdentifier>{2a5b8c23-8dec-4c1c-b9e4-378fa3579f63}</UniqueIdentifier>
    </Filter>
    <Filter Include="D3D11Utility\header">
      <UniqueIdentifier>{57460b71-03bf-42d0-abe0-fef501309313}</UniqueIdentifier>
    </Filter>
    <Filter Include="source">
      <UniqueIdentifier>{4FC737F1-C7A5-4376-A066-2A32D752A2FF}</UniqueIdentifier>
      <Extensions>cpp;c;cc;cxx;def;odl;idl;hpj;bat;asm;asmx</Extensions>
    </Filter>
    <Filter Include="header">
      <UniqueIdentifier>{93995380-89BD-4b04-88EB-625FBE52EBFB}</UniqueIdentifier>
      <Extensions>h;hh;hpp;hxx;hm;inl;inc;xsd</Extensions>
    </Filter>
    <Filter Include="resource">
      <UniqueIdentifier>{67DA6AB6-F800-4c08-8B7A-83BB121AAD01}</UniqueIdentifier>
      <Extensions>rc;ico;cur;bmp;dlg;rc2;rct;bin;rgs;gif;jpg;jpeg;jpe;resx;tiff;tif;png;wav;mfcribbon-ms</Extensions>
    </Filter>
    <Filter Include="D3D11Utility\struct">
      <UniqueIdentifier>{5e185841-55c8-4fd6-9eca-2ec5df65e08b}</UniqueIdentifier>
    </Filter>
    <Filter Include="D3D11Utility\system">
      <UniqueIdentifier>{38a4cb14-dbbe-4a2d-b0e4-ffe943b18917}</UniqueIdentifier>
    </Filter>
  </ItemGroup>
  <ItemGroup>
    <ClCompile Include="src\GameLoop.cpp">
      <Filter>source</Filter>
    </ClCompile>
    <ClCompile Include="src\GameObject.cpp">
      <Filter>source</Filter>
    </ClCompile>
    <ClCompile Include="src\GameUtility.cpp">
      <Filter>source</Filter>
    </ClCompile>
    <ClCompile Include="src\EntryPoint.cpp">
      <Filter>source</Filter>
    </ClCompile>
    <ClCompile Include="src\D3D11Utility\Mesh.cpp">
      <Filter>D3D11Utility</Filter>
    </ClCompile>
    <ClCompile Include="src\D3D11Utility\Scene.cpp">
      <Filter>D3D11Utility</Filter>
    </ClCompile>
    <ClCompile Include="src\D3D11Utility\VertexBuffer.cpp">
      <Filter>D3D11Utility</Filter>
    </ClCompile>
    <ClCompile Include="src\D3D11Utility\VertexShader.cpp">
      <Filter>D3D11Utility</Filter>
    </ClCompile>
    <ClCompile Include="src\D3D11Utility\Camera.cpp">
      <Filter>D3D11Utility</Filter>
    </ClCompile>
    <ClCompile Include="src\D3D11Utility\D3D11Utility.cpp">
      <Filter>D3D11Utility</Filter>
    </ClCompile>
    <ClCompile Include="src\D3D11Utility\Entity.cpp">
      <Filter>D3D11Utility</Filter>
    </ClCompile>
    <ClCompile Include="src\D3D11Utility\IDirect3D.cpp">
      <Filter>D3D11Utility\system</Filter>
    </ClCompile>
    <ClCompile Include="src\D3D11Utility\IDirect3DRenderer.cpp">
      <Filter>D3D11Utility\system</Filter>
    </ClCompile>
  </ItemGroup>
  <ItemGroup>
    <ClInclude Include="src\header\C_Singleton.h">
      <Filter>header</Filter>
    </ClInclude>
    <ClInclude Include="src\header\GameObject.h">
      <Filter>header</Filter>
    </ClInclude>
    <ClInclude Include="src\header\GameUtility.h">
      <Filter>header</Filter>
    </ClInclude>
    <ClInclude Include="src\header\IDrawable.h">
      <Filter>header</Filter>
    </ClInclude>
    <ClInclude Include="src\header\IGraphicsRenderer.h">
      <Filter>header</Filter>
    </ClInclude>
    <ClInclude Include="src\D3D11Utility\header\Camera.h">
      <Filter>D3D11Utility\header</Filter>
    </ClInclude>
    <ClInclude Include="src\D3D11Utility\header\D3D11Utility.h">
      <Filter>D3D11Utility\header</Filter>
    </ClInclude>
    <ClInclude Include="src\D3D11Utility\header\Mesh.h">
      <Filter>D3D11Utility\header</Filter>
    </ClInclude>
    <ClInclude Include="src\D3D11Utility\header\Object.h">
      <Filter>D3D11Utility\header</Filter>
    </ClInclude>
    <ClInclude Include="src\D3D11Utility\header\Scene.h">
      <Filter>D3D11Utility\header</Filter>
    </ClInclude>
    <ClInclude Include="src\D3D11Utility\header\Transform.h">
      <Filter>D3D11Utility\header</Filter>
    </ClInclude>
    <ClInclude Include="src\D3D11Utility\header\VertexBuffer.h">
      <Filter>D3D11Utility\header</Filter>
    </ClInclude>
    <ClInclude Include="src\D3D11Utility\header\VertexShader.h">
      <Filter>D3D11Utility\header</Filter>
    </ClInclude>
    <ClInclude Include="src\D3D11Utility\header\Entity.h">
      <Filter>D3D11Utility\header</Filter>
    </ClInclude>
    <ClInclude Include="src\D3D11Utility\header\Component.h">
      <Filter>D3D11Utility\header</Filter>
    </ClInclude>
    <ClInclude Include="src\header\RenderManager.h">
      <Filter>header</Filter>
    </ClInclude>
    <ClInclude Include="src\D3D11Utility\header\EntityId.h">
      <Filter>D3D11Utility\struct</Filter>
    </ClInclude>
    <ClInclude Include="src\D3D11Utility\header\EntityManager.h">
      <Filter>D3D11Utility\system</Filter>
    </ClInclude>
    <ClInclude Include="src\D3D11Utility\header\IDirect3D.h">
      <Filter>D3D11Utility\system</Filter>
    </ClInclude>
    <ClInclude Include="src\D3D11Utility\header\IDirect3DRenderer.h">
      <Filter>D3D11Utility\system</Filter>
    </ClInclude>
  </ItemGroup>
</Project>