<?xml version="1.0" encoding="utf-8"?>
<Project ToolsVersion="4.0" xmlns="http://schemas.microsoft.com/developer/msbuild/2003">
  <ItemGroup>
    <Filter Include="Header">
      <UniqueIdentifier>{092ef261-d423-4f61-aef4-80b41c986569}</UniqueIdentifier>
    </Filter>
    <Filter Include="Source">
      <UniqueIdentifier>{bbb2b2e6-7451-4d82-8a2f-99c088bb1423}</UniqueIdentifier>
    </Filter>
    <Filter Include="Source\D3D11Utility">
      <UniqueIdentifier>{2f6ae9f2-fe4c-4fcb-bf90-07d80b0f1773}</UniqueIdentifier>
    </Filter>
    <Filter Include="Source\D3D11Utility\Graphics">
      <UniqueIdentifier>{85d06e3c-2d6f-4fda-8d0f-7f10c2630ba4}</UniqueIdentifier>
    </Filter>
    <Filter Include="Header\D3D11Utility">
      <UniqueIdentifier>{bc9f62d6-1cfa-4b65-890f-b7a2d72671b4}</UniqueIdentifier>
    </Filter>
    <Filter Include="Header\D3D11Utility\Graphics">
      <UniqueIdentifier>{d77f2c72-9ee4-4c36-bb2e-c36e7d251aa1}</UniqueIdentifier>
    </Filter>
    <Filter Include="Header\D3D11Utility\Systems">
      <UniqueIdentifier>{5d6f3f0b-44ed-45c9-877f-bef3fe7ab01a}</UniqueIdentifier>
    </Filter>
    <Filter Include="Source\D3D11Utility\Systems">
      <UniqueIdentifier>{06320cf2-0271-4ecb-ace9-e19d5ee8f20f}</UniqueIdentifier>
    </Filter>
    <Filter Include="Header\D3D11Utility\Components">
      <UniqueIdentifier>{49d74fb0-289f-4542-8be5-1860a3760c3c}</UniqueIdentifier>
    </Filter>
    <Filter Include="Source\D3D11Utility\Components">
      <UniqueIdentifier>{7ffe4231-55ee-4aec-887e-f26940aca9c4}</UniqueIdentifier>
    </Filter>
    <Filter Include="Header\D3D11Utility\Physical">
      <UniqueIdentifier>{6ddad8b5-3ab0-455c-932e-ebfe9166b1c4}</UniqueIdentifier>
    </Filter>
    <Filter Include="Source\D3D11Utility\Physical">
      <UniqueIdentifier>{51a2476e-c04b-4ee9-9696-a96766c73d46}</UniqueIdentifier>
    </Filter>
    <Filter Include="Shader">
      <UniqueIdentifier>{08596376-7a35-4b9c-b0ee-671122379fc8}</UniqueIdentifier>
    </Filter>
  </ItemGroup>
  <ItemGroup>
    <ClCompile Include="src\D3D11Utility\Graphics\VertexBuffer.cpp">
      <Filter>Source\D3D11Utility\Graphics</Filter>
    </ClCompile>
    <ClCompile Include="src\D3D11Utility\Graphics\VertexShader.cpp">
      <Filter>Source\D3D11Utility\Graphics</Filter>
    </ClCompile>
    <ClCompile Include="src\D3D11Utility\Entity.cpp">
      <Filter>Source\D3D11Utility</Filter>
    </ClCompile>
    <ClCompile Include="src\D3D11Utility\D3D11Utility.cpp">
      <Filter>Source\D3D11Utility</Filter>
    </ClCompile>
    <ClCompile Include="src\GameLoop.cpp">
      <Filter>Source</Filter>
    </ClCompile>
    <ClCompile Include="src\GameUtility.cpp">
      <Filter>Source</Filter>
    </ClCompile>
    <ClCompile Include="src\EntryPoint.cpp">
      <Filter>Source</Filter>
    </ClCompile>
    <ClCompile Include="src\D3D11Utility\Graphics\PixelShader.cpp">
      <Filter>Source\D3D11Utility\Graphics</Filter>
    </ClCompile>
    <ClCompile Include="src\D3D11Utility\Graphics\GeometryShader.cpp">
      <Filter>Source\D3D11Utility\Graphics</Filter>
    </ClCompile>
    <ClCompile Include="src\D3D11Utility\Systems\ComponentManager.cpp">
      <Filter>Source\D3D11Utility\Systems</Filter>
    </ClCompile>
    <ClCompile Include="src\D3D11Utility\Systems\EntityManager.cpp">
      <Filter>Source\D3D11Utility\Systems</Filter>
    </ClCompile>
    <ClCompile Include="src\D3D11Utility\Systems\IDirect3D.cpp">
      <Filter>Source\D3D11Utility\Systems</Filter>
    </ClCompile>
    <ClCompile Include="src\D3D11Utility\Systems\IDirect3DRenderer.cpp">
      <Filter>Source\D3D11Utility\Systems</Filter>
    </ClCompile>
    <ClCompile Include="src\D3D11Utility\Systems\SystemManager.cpp">
      <Filter>Source\D3D11Utility\Systems</Filter>
    </ClCompile>
    <ClCompile Include="src\D3D11Utility\Camera.cpp">
      <Filter>Source\D3D11Utility\Components</Filter>
    </ClCompile>
    <ClCompile Include="src\D3D11Utility\Scene.cpp">
      <Filter>Source\D3D11Utility\Components</Filter>
    </ClCompile>
    <ClCompile Include="src\D3D11Utility\Renderable.cpp">
      <Filter>Source\D3D11Utility\Components</Filter>
    </ClCompile>
    <ClCompile Include="src\XInputController.cpp">
      <Filter>Source</Filter>
    </ClCompile>
    <ClCompile Include="src\D3D11Utility\Transform.cpp">
      <Filter>Source\D3D11Utility\Components</Filter>
    </ClCompile>
    <ClCompile Include="src\D3D11Utility\Systems\TextureManager.cpp">
      <Filter>Source\D3D11Utility\Systems</Filter>
    </ClCompile>
    <ClCompile Include="src\D3D11Utility\Graphics\Texture.cpp">
      <Filter>Source\D3D11Utility\Graphics</Filter>
    </ClCompile>
    <ClCompile Include="src\D3D11Utility\Systems\PhysicalSystem.cpp">
      <Filter>Source\D3D11Utility\Systems</Filter>
    </ClCompile>
    <ClCompile Include="src\D3D11Utility\Physical\IPhysical.cpp">
      <Filter>Source\D3D11Utility\Physical</Filter>
    </ClCompile>
    <ClCompile Include="src\D3D11Utility\Systems\FbxLoader.cpp">
      <Filter>Source\D3D11Utility\Systems</Filter>
    </ClCompile>
    <ClCompile Include="src\D3D11Utility\Systems\DebugSystem.cpp">
      <Filter>Source\D3D11Utility\Systems</Filter>
    </ClCompile>
    <ClCompile Include="src\D3D11Utility\Systems\Timer.cpp">
      <Filter>Source\D3D11Utility\Systems</Filter>
    </ClCompile>
    <ClCompile Include="src\DIKeyBoard.cpp">
      <Filter>Source</Filter>
    </ClCompile>
    <ClCompile Include="src\D3D11Utility\Physical\BoxCollider.cpp">
      <Filter>Source\D3D11Utility\Physical</Filter>
    </ClCompile>
    <ClCompile Include="src\D3D11Utility\Physical\BoxCollider2D.cpp">
      <Filter>Source\D3D11Utility\Physical</Filter>
    </ClCompile>
    <ClCompile Include="src\D3D11Utility\Physical\Collider.cpp">
      <Filter>Source\D3D11Utility\Physical</Filter>
    </ClCompile>
    <ClCompile Include="src\D3D11Utility\Physical\SphereCollider.cpp">
      <Filter>Source\D3D11Utility\Physical</Filter>
    </ClCompile>
  </ItemGroup>
  <ItemGroup>
    <ClInclude Include="Include\IGraphicsRenderer.h">
      <Filter>Header</Filter>
    </ClInclude>
    <ClInclude Include="Include\IRenderable.h">
      <Filter>Header</Filter>
    </ClInclude>
    <ClInclude Include="Include\Singleton.h">
      <Filter>Header</Filter>
    </ClInclude>
    <ClInclude Include="Include\GameUtility.h">
      <Filter>Header</Filter>
    </ClInclude>
    <ClInclude Include="Include\D3D11Utility\Graphics\VertexBuffer.h">
      <Filter>Header\D3D11Utility\Graphics</Filter>
    </ClInclude>
    <ClInclude Include="Include\D3D11Utility\Graphics\VertexShader.h">
      <Filter>Header\D3D11Utility\Graphics</Filter>
    </ClInclude>
    <ClInclude Include="Include\D3D11Utility\Entity.h">
      <Filter>Header\D3D11Utility</Filter>
    </ClInclude>
    <ClInclude Include="Include\D3D11Utility\Object.h">
      <Filter>Header\D3D11Utility</Filter>
    </ClInclude>
    <ClInclude Include="Include\D3D11Utility\D3D11Utility.h">
      <Filter>Header\D3D11Utility</Filter>
    </ClInclude>
    <ClInclude Include="Include\D3D11Utility\Graphics\PixelShader.h">
      <Filter>Header\D3D11Utility\Graphics</Filter>
    </ClInclude>
    <ClInclude Include="Include\D3D11Utility\Graphics\GeometryShader.h">
      <Filter>Header\D3D11Utility\Graphics</Filter>
    </ClInclude>
    <ClInclude Include="Include\D3D11Utility\IEntity.h">
      <Filter>Header\D3D11Utility</Filter>
    </ClInclude>
    <ClInclude Include="Include\D3D11Utility\Interface.h">
      <Filter>Header\D3D11Utility</Filter>
    </ClInclude>
    <ClInclude Include="Include\D3D11Utility\Systems\ComponentManager.h">
      <Filter>Header\D3D11Utility\Systems</Filter>
    </ClInclude>
    <ClInclude Include="Include\D3D11Utility\Systems\EntityManager.h">
      <Filter>Header\D3D11Utility\Systems</Filter>
    </ClInclude>
    <ClInclude Include="Include\D3D11Utility\Systems\IDirect3DRenderer.h">
      <Filter>Header\D3D11Utility\Systems</Filter>
    </ClInclude>
    <ClInclude Include="Include\D3D11Utility\Systems\IDirect3D.h">
      <Filter>Header\D3D11Utility\Systems</Filter>
    </ClInclude>
    <ClInclude Include="Include\D3D11Utility\Systems\SystemManager.h">
      <Filter>Header\D3D11Utility\Systems</Filter>
    </ClInclude>
    <ClInclude Include="Include\D3D11Utility\Systems\Timer.h">
      <Filter>Header\D3D11Utility\Systems</Filter>
    </ClInclude>
    <ClInclude Include="Include\D3D11Utility\Systems\ISystem.h">
      <Filter>Header\D3D11Utility\Systems</Filter>
    </ClInclude>
    <ClInclude Include="Include\D3D11Utility\Camera.h">
      <Filter>Header\D3D11Utility\Components</Filter>
    </ClInclude>
    <ClInclude Include="Include\D3D11Utility\Component.h">
      <Filter>Header\D3D11Utility\Components</Filter>
    </ClInclude>
    <ClInclude Include="Include\D3D11Utility\IComponent.h">
      <Filter>Header\D3D11Utility\Components</Filter>
    </ClInclude>
    <ClInclude Include="Include\D3D11Utility\Renderable.h">
      <Filter>Header\D3D11Utility\Components</Filter>
    </ClInclude>
    <ClInclude Include="Include\D3D11Utility\Transform.h">
      <Filter>Header\D3D11Utility\Components</Filter>
    </ClInclude>
    <ClInclude Include="Include\D3D11Utility\Scene.h">
      <Filter>Header\D3D11Utility\Components</Filter>
    </ClInclude>
    <ClInclude Include="Include\XInputController.h">
      <Filter>Header</Filter>
    </ClInclude>
    <ClInclude Include="Include\D3D11Utility\Systems\TextureManager.h">
      <Filter>Header\D3D11Utility\Systems</Filter>
    </ClInclude>
    <ClInclude Include="Include\D3D11Utility\Graphics\Texture.h">
      <Filter>Header\D3D11Utility\Graphics</Filter>
    </ClInclude>
    <ClInclude Include="Include\D3D11Utility\Systems\PhysicalSystem.h">
      <Filter>Header\D3D11Utility\Systems</Filter>
    </ClInclude>
    <ClInclude Include="Include\D3D11Utility\Physical\Physics2D.h">
      <Filter>Header\D3D11Utility\Physical</Filter>
    </ClInclude>
    <ClInclude Include="Include\D3D11Utility\Physical\IPhysics.h">
      <Filter>Header\D3D11Utility\Physical</Filter>
    </ClInclude>
    <ClInclude Include="Include\D3D11Utility\Systems\FbxLoader.h">
      <Filter>Header\D3D11Utility\Systems</Filter>
    </ClInclude>
    <ClInclude Include="Include\D3D11Utility\Systems\DebugSystem.h">
      <Filter>Header\D3D11Utility\Systems</Filter>
    </ClInclude>
    <ClInclude Include="Include\D3D11Utility\Graphics\IShader.h">
      <Filter>Header\D3D11Utility\Graphics</Filter>
    </ClInclude>
    <ClInclude Include="Include\D3D11Utility\Physical\Physics.h">
      <Filter>Header\D3D11Utility\Physical</Filter>
    </ClInclude>
    <ClInclude Include="Include\DIKeyboard.h">
      <Filter>Header</Filter>
    </ClInclude>
    <ClInclude Include="Include\D3D11Utility\Physical\Collider.h">
      <Filter>Header\D3D11Utility\Physical</Filter>
    </ClInclude>
    <ClInclude Include="Include\D3D11Utility\Physical\Collider2D.h">
      <Filter>Header\D3D11Utility\Physical</Filter>
    </ClInclude>
    <ClInclude Include="Include\D3D11Utility\Platform.h">
      <Filter>Header\D3D11Utility</Filter>
    </ClInclude>
    <ClInclude Include="Include\D3D11Utility\Physical\BoxCollider.h">
      <Filter>Header\D3D11Utility\Physical</Filter>
    </ClInclude>
    <ClInclude Include="Include\D3D11Utility\Physical\BoxCollider2D.h">
      <Filter>Header\D3D11Utility\Physical</Filter>
    </ClInclude>
    <ClInclude Include="Include\D3D11Utility\Physical\SphereCollider.h">
      <Filter>Header\D3D11Utility\Physical</Filter>
    </ClInclude>
    <ClInclude Include="Include\D3D11Utility\Physical\SphereCollider2D.h">
      <Filter>Header\D3D11Utility\Physical</Filter>
    </ClInclude>
  </ItemGroup>
  <ItemGroup>
    <Text Include="ChangeLog.txt" />
    <Text Include="Reference.txt" />
  </ItemGroup>
  <ItemGroup>
    <FxCompile Include="Shader\Default.fx">
      <Filter>Shader</Filter>
    </FxCompile>
  </ItemGroup>
</Project>