<?xml version="1.0" encoding="utf-8"?>
<Project ToolsVersion="4.0" xmlns="http://schemas.microsoft.com/developer/msbuild/2003">
  <ItemGroup>
    <Filter Include="header">
      <UniqueIdentifier>{092ef261-d423-4f61-aef4-80b41c986569}</UniqueIdentifier>
    </Filter>
    <Filter Include="header\d3d11utility">
      <UniqueIdentifier>{1e8e15fc-c183-4d59-a326-8bc8b8de4bf3}</UniqueIdentifier>
    </Filter>
    <Filter Include="shader">
      <UniqueIdentifier>{08596376-7a35-4b9c-b0ee-671122379fc8}</UniqueIdentifier>
    </Filter>
    <Filter Include="source">
      <UniqueIdentifier>{bbb2b2e6-7451-4d82-8a2f-99c088bb1423}</UniqueIdentifier>
    </Filter>
    <Filter Include="source\d3d11utility">
      <UniqueIdentifier>{bbd48730-d0f8-4d36-a485-d6ac6c0035be}</UniqueIdentifier>
    </Filter>
    <Filter Include="header\game">
      <UniqueIdentifier>{d850b873-83d1-4d1a-a61a-9ea66adf2f70}</UniqueIdentifier>
    </Filter>
    <Filter Include="source\game">
      <UniqueIdentifier>{522d9020-ad0e-433f-a1f1-6d9c9d8e5a33}</UniqueIdentifier>
    </Filter>
    <Filter Include="source\game\scene">
      <UniqueIdentifier>{1c7d7db5-dc27-49f4-9a8c-8148f3208e31}</UniqueIdentifier>
    </Filter>
    <Filter Include="source\game\components">
      <UniqueIdentifier>{ecb6cc12-c76c-4edd-8f80-ba1659fc2f2f}</UniqueIdentifier>
    </Filter>
    <Filter Include="header\d3d11utility\components">
      <UniqueIdentifier>{b74d48f0-f418-4b89-98cc-a0d8e797403c}</UniqueIdentifier>
    </Filter>
    <Filter Include="header\d3d11utility\systems">
      <UniqueIdentifier>{52acaf03-4766-42dd-9361-0ac44e6a5e41}</UniqueIdentifier>
    </Filter>
    <Filter Include="header\d3d11utility\physics">
      <UniqueIdentifier>{44df7e65-9237-4729-85ac-05ed856ce8c4}</UniqueIdentifier>
    </Filter>
    <Filter Include="header\d3d11utility\graphics">
      <UniqueIdentifier>{77ec6d41-1c10-4164-99a6-994a9d361125}</UniqueIdentifier>
    </Filter>
    <Filter Include="source\d3d11utility\components">
      <UniqueIdentifier>{62d1ca45-8aa0-4e10-83c0-6f8069ac5460}</UniqueIdentifier>
    </Filter>
    <Filter Include="source\d3d11utility\graphics">
      <UniqueIdentifier>{9bc7a8ee-de45-444c-84b4-4294de2b4e02}</UniqueIdentifier>
    </Filter>
    <Filter Include="source\d3d11utility\systems">
      <UniqueIdentifier>{601d779f-69d1-4e1f-8c1f-2f425b2a22f1}</UniqueIdentifier>
    </Filter>
    <Filter Include="source\d3d11utility\physics">
      <UniqueIdentifier>{284981b9-d4b9-428c-93e0-3611d43d069f}</UniqueIdentifier>
    </Filter>
    <Filter Include="source\game\manager">
      <UniqueIdentifier>{81224734-fb4c-41c0-9e01-90946221ce70}</UniqueIdentifier>
    </Filter>
    <Filter Include="header\game\compoents">
      <UniqueIdentifier>{199093da-11f3-4579-899e-ae491aa59135}</UniqueIdentifier>
    </Filter>
    <Filter Include="header\game\systems">
      <UniqueIdentifier>{6d25c661-98b3-4267-baa1-79eefe9240ca}</UniqueIdentifier>
    </Filter>
    <Filter Include="header\game\scene">
      <UniqueIdentifier>{f55d2890-e89b-4dec-a1d7-8af3b633ce1a}</UniqueIdentifier>
    </Filter>
    <Filter Include="shader\header">
      <UniqueIdentifier>{ceeb6503-fd79-4745-8af9-9a4b73ee4065}</UniqueIdentifier>
    </Filter>
  </ItemGroup>
  <ItemGroup>
    <Text Include="ChangeLog.txt" />
    <Text Include="Reference.txt" />
  </ItemGroup>
  <ItemGroup>
    <ClInclude Include="header\d3d11utility\components\Camera.h">
      <Filter>header\d3d11utility\components</Filter>
    </ClInclude>
    <ClInclude Include="header\d3d11utility\components\InputMove.h">
      <Filter>header\d3d11utility\components</Filter>
    </ClInclude>
    <ClInclude Include="header\d3d11utility\components\Light.h">
      <Filter>header\d3d11utility\components</Filter>
    </ClInclude>
    <ClInclude Include="header\d3d11utility\components\Renderable.h">
      <Filter>header\d3d11utility\components</Filter>
    </ClInclude>
    <ClInclude Include="header\d3d11utility\components\Transform.h">
      <Filter>header\d3d11utility\components</Filter>
    </ClInclude>
    <ClInclude Include="header\d3d11utility\graphics\GeometryShader.h">
      <Filter>header\d3d11utility\graphics</Filter>
    </ClInclude>
    <ClInclude Include="header\d3d11utility\graphics\IShader.h">
      <Filter>header\d3d11utility\graphics</Filter>
    </ClInclude>
    <ClInclude Include="header\d3d11utility\graphics\PixelShader.h">
      <Filter>header\d3d11utility\graphics</Filter>
    </ClInclude>
    <ClInclude Include="header\d3d11utility\graphics\Texture.h">
      <Filter>header\d3d11utility\graphics</Filter>
    </ClInclude>
    <ClInclude Include="header\d3d11utility\graphics\VertexBuffer.h">
      <Filter>header\d3d11utility\graphics</Filter>
    </ClInclude>
    <ClInclude Include="header\d3d11utility\graphics\VertexShader.h">
      <Filter>header\d3d11utility\graphics</Filter>
    </ClInclude>
    <ClInclude Include="header\d3d11utility\physical\BoxCollider.h">
      <Filter>header\d3d11utility\physics</Filter>
    </ClInclude>
    <ClInclude Include="header\d3d11utility\physical\BoxCollider2D.h">
      <Filter>header\d3d11utility\physics</Filter>
    </ClInclude>
    <ClInclude Include="header\d3d11utility\physical\BulletPhysics.h">
      <Filter>header\d3d11utility\physics</Filter>
    </ClInclude>
    <ClInclude Include="header\d3d11utility\physical\Collider.h">
      <Filter>header\d3d11utility\physics</Filter>
    </ClInclude>
    <ClInclude Include="header\d3d11utility\physical\Collider2D.h">
      <Filter>header\d3d11utility\physics</Filter>
    </ClInclude>
    <ClInclude Include="header\d3d11utility\physical\IPhysics.h">
      <Filter>header\d3d11utility\physics</Filter>
    </ClInclude>
    <ClInclude Include="header\d3d11utility\physical\Physics.h">
      <Filter>header\d3d11utility\physics</Filter>
    </ClInclude>
    <ClInclude Include="header\d3d11utility\physical\Physics2D.h">
      <Filter>header\d3d11utility\physics</Filter>
    </ClInclude>
    <ClInclude Include="header\d3d11utility\physical\SphereCollider.h">
      <Filter>header\d3d11utility\physics</Filter>
    </ClInclude>
    <ClInclude Include="header\d3d11utility\physical\SphereCollider2D.h">
      <Filter>header\d3d11utility\physics</Filter>
    </ClInclude>
    <ClInclude Include="header\d3d11utility\systems\BulletEngine.h">
      <Filter>header\d3d11utility\systems</Filter>
    </ClInclude>
    <ClInclude Include="header\d3d11utility\systems\ComponentManager.h">
      <Filter>header\d3d11utility\systems</Filter>
    </ClInclude>
    <ClInclude Include="header\d3d11utility\systems\DebugSystem.h">
      <Filter>header\d3d11utility\systems</Filter>
    </ClInclude>
    <ClInclude Include="header\d3d11utility\systems\EntityManager.h">
      <Filter>header\d3d11utility\systems</Filter>
    </ClInclude>
    <ClInclude Include="header\d3d11utility\systems\FbxLoader.h">
      <Filter>header\d3d11utility\systems</Filter>
    </ClInclude>
    <ClInclude Include="header\d3d11utility\systems\IDirect3D.h">
      <Filter>header\d3d11utility\systems</Filter>
    </ClInclude>
    <ClInclude Include="header\d3d11utility\systems\IDirect3DRenderer.h">
      <Filter>header\d3d11utility\systems</Filter>
    </ClInclude>
    <ClInclude Include="header\d3d11utility\systems\ISystem.h">
      <Filter>header\d3d11utility\systems</Filter>
    </ClInclude>
    <ClInclude Include="header\d3d11utility\systems\PhysicalSystem.h">
      <Filter>header\d3d11utility\systems</Filter>
    </ClInclude>
    <ClInclude Include="header\d3d11utility\systems\SystemInclude.h">
      <Filter>header\d3d11utility\systems</Filter>
    </ClInclude>
    <ClInclude Include="header\d3d11utility\systems\SystemManager.h">
      <Filter>header\d3d11utility\systems</Filter>
    </ClInclude>
    <ClInclude Include="header\d3d11utility\systems\TextureManager.h">
      <Filter>header\d3d11utility\systems</Filter>
    </ClInclude>
    <ClInclude Include="header\d3d11utility\IComponent.h">
      <Filter>header\d3d11utility</Filter>
    </ClInclude>
    <ClInclude Include="header\d3d11utility\IEntity.h">
      <Filter>header\d3d11utility</Filter>
    </ClInclude>
    <ClInclude Include="header\d3d11utility\Interface.h">
      <Filter>header\d3d11utility</Filter>
    </ClInclude>
    <ClInclude Include="header\d3d11utility\Platform.h">
      <Filter>header\d3d11utility</Filter>
    </ClInclude>
    <ClInclude Include="header\d3d11utility\Timer.h">
      <Filter>header\d3d11utility</Filter>
    </ClInclude>
    <ClInclude Include="header\d3d11utility\Component.h">
      <Filter>header\d3d11utility</Filter>
    </ClInclude>
    <ClInclude Include="header\d3d11utility\Entity.h">
      <Filter>header\d3d11utility</Filter>
    </ClInclude>
    <ClInclude Include="header\d3d11utility\DIKeyboard.h">
      <Filter>header\d3d11utility</Filter>
    </ClInclude>
    <ClInclude Include="header\d3d11utility\XInputController.h">
      <Filter>header\d3d11utility</Filter>
    </ClInclude>
    <ClInclude Include="header\Singleton.h">
      <Filter>header</Filter>
    </ClInclude>
    <ClInclude Include="header\StateTransition.h">
      <Filter>header</Filter>
    </ClInclude>
    <ClInclude Include="header\D3D11Utility.h">
      <Filter>header</Filter>
    </ClInclude>
    <ClInclude Include="header\IGraphicsRenderer.h">
      <Filter>header</Filter>
    </ClInclude>
    <ClInclude Include="header\IRenderable.h">
      <Filter>header</Filter>
    </ClInclude>
    <ClInclude Include="header\game\scene\BaseScene.h">
      <Filter>header\game\scene</Filter>
    </ClInclude>
    <ClInclude Include="header\game\scene\Tutorial.h">
      <Filter>header\game\scene</Filter>
    </ClInclude>
    <ClInclude Include="header\game\GameUtility.h">
      <Filter>header\game</Filter>
    </ClInclude>
    <ClInclude Include="header\game\GameObject.h">
      <Filter>header\game</Filter>
    </ClInclude>
  </ItemGroup>
  <ItemGroup>
    <ClCompile Include="source\d3d11utility\graphics\GeometryShader.cpp">
      <Filter>source\d3d11utility\graphics</Filter>
    </ClCompile>
    <ClCompile Include="source\d3d11utility\graphics\PixelShader.cpp">
      <Filter>source\d3d11utility\graphics</Filter>
    </ClCompile>
    <ClCompile Include="source\d3d11utility\graphics\Texture.cpp">
      <Filter>source\d3d11utility\graphics</Filter>
    </ClCompile>
    <ClCompile Include="source\d3d11utility\graphics\VertexBuffer.cpp">
      <Filter>source\d3d11utility\graphics</Filter>
    </ClCompile>
    <ClCompile Include="source\d3d11utility\graphics\VertexShader.cpp">
      <Filter>source\d3d11utility\graphics</Filter>
    </ClCompile>
    <ClCompile Include="source\d3d11utility\physical\BoxCollider.cpp">
      <Filter>source\d3d11utility\physics</Filter>
    </ClCompile>
    <ClCompile Include="source\d3d11utility\physical\BoxCollider2D.cpp">
      <Filter>source\d3d11utility\physics</Filter>
    </ClCompile>
    <ClCompile Include="source\d3d11utility\physical\BulletPhysics.cpp">
      <Filter>source\d3d11utility\physics</Filter>
    </ClCompile>
    <ClCompile Include="source\d3d11utility\physical\Collider.cpp">
      <Filter>source\d3d11utility\physics</Filter>
    </ClCompile>
    <ClCompile Include="source\d3d11utility\physical\IPhysical.cpp">
      <Filter>source\d3d11utility\physics</Filter>
    </ClCompile>
    <ClCompile Include="source\d3d11utility\physical\SphereCollider.cpp">
      <Filter>source\d3d11utility\physics</Filter>
    </ClCompile>
    <ClCompile Include="source\d3d11utility\systems\BulletEngine.cpp">
      <Filter>source\d3d11utility\systems</Filter>
    </ClCompile>
    <ClCompile Include="source\d3d11utility\systems\ComponentManager.cpp">
      <Filter>source\d3d11utility\systems</Filter>
    </ClCompile>
    <ClCompile Include="source\d3d11utility\systems\DebugSystem.cpp">
      <Filter>source\d3d11utility\systems</Filter>
    </ClCompile>
    <ClCompile Include="source\d3d11utility\systems\EntityManager.cpp">
      <Filter>source\d3d11utility\systems</Filter>
    </ClCompile>
    <ClCompile Include="source\d3d11utility\systems\FbxLoader.cpp">
      <Filter>source\d3d11utility\systems</Filter>
    </ClCompile>
    <ClCompile Include="source\d3d11utility\systems\IDirect3D.cpp">
      <Filter>source\d3d11utility\systems</Filter>
    </ClCompile>
    <ClCompile Include="source\d3d11utility\systems\IDirect3DRenderer.cpp">
      <Filter>source\d3d11utility\systems</Filter>
    </ClCompile>
    <ClCompile Include="source\d3d11utility\systems\PhysicalSystem.cpp">
      <Filter>source\d3d11utility\systems</Filter>
    </ClCompile>
    <ClCompile Include="source\d3d11utility\systems\SystemManager.cpp">
      <Filter>source\d3d11utility\systems</Filter>
    </ClCompile>
    <ClCompile Include="source\d3d11utility\systems\TextureManager.cpp">
      <Filter>source\d3d11utility\systems</Filter>
    </ClCompile>
    <ClCompile Include="source\d3d11utility\systems\Timer.cpp">
      <Filter>source\d3d11utility\systems</Filter>
    </ClCompile>
    <ClCompile Include="source\d3d11utility\XInputController.cpp">
      <Filter>source\d3d11utility</Filter>
    </ClCompile>
    <ClCompile Include="source\d3d11utility\DIKeyBoard.cpp">
      <Filter>source\d3d11utility</Filter>
    </ClCompile>
    <ClCompile Include="source\d3d11utility\Entity.cpp">
      <Filter>source\d3d11utility</Filter>
    </ClCompile>
    <ClCompile Include="source\EntryPoint.cpp">
      <Filter>source</Filter>
    </ClCompile>
    <ClCompile Include="source\GameLoop.cpp">
      <Filter>source</Filter>
    </ClCompile>
    <ClCompile Include="source\D3D11Utility.cpp">
      <Filter>source</Filter>
    </ClCompile>
    <ClCompile Include="source\game\scene\Tutorial.cpp">
      <Filter>source\game\scene</Filter>
    </ClCompile>
    <ClCompile Include="source\game\GameObject.cpp">
      <Filter>source\game</Filter>
    </ClCompile>
    <ClCompile Include="source\game\GameUtility.cpp">
      <Filter>source\game</Filter>
    </ClCompile>
    <ClCompile Include="source\d3d11utility\components\Renderable.cpp">
      <Filter>source\d3d11utility\components</Filter>
    </ClCompile>
    <ClCompile Include="source\d3d11utility\components\Transform.cpp">
      <Filter>source\d3d11utility\components</Filter>
    </ClCompile>
    <ClCompile Include="source\d3d11utility\components\Camera.cpp">
      <Filter>source\d3d11utility\components</Filter>
    </ClCompile>
    <ClCompile Include="source\d3d11utility\components\InputMove.cpp">
      <Filter>source\d3d11utility\components</Filter>
    </ClCompile>
  </ItemGroup>
  <ItemGroup>
    <FxCompile Include="shader\Default.fx">
      <Filter>shader</Filter>
    </FxCompile>
    <FxCompile Include="shader\Smoothing.hlsl">
      <Filter>shader</Filter>
    </FxCompile>
    <FxCompile Include="shader\GeometryShader.hlsl">
      <Filter>shader</Filter>
    </FxCompile>
    <FxCompile Include="shader\Deferred.hlsl">
      <Filter>shader</Filter>
    </FxCompile>
  </ItemGroup>
  <ItemGroup>
    <None Include="shader\header\Structs.hlsli">
      <Filter>shader\header</Filter>
    </None>
  </ItemGroup>
</Project>